
Microsoft Visual Studio Solution File, Format Version 12.00
# Visual Studio Version 16
VisualStudioVersion = 16.0.33920.266
MinimumVisualStudioVersion = 10.0.40219.1
Project("{FAE04EC0-301F-11D3-BF4B-00C04F79EFBC}") = "LAB1FDE", "LAB1FDE\LAB1FDE.csproj", "{EBC6094E-1275-4B7F-B6AC-A19F4B724D2D}"
EndProject
Global
	GlobalSection(SolutionConfigurationPlatforms) = preSolution
		Debug|Any CPU = Debug|Any CPU
		Release|Any CPU = Release|Any CPU
	EndGlobalSection
	GlobalSection(ProjectConfigurationPlatforms) = postSolution
		{EBC6094E-1275-4B7F-B6AC-A19F4B724D2D}.Debug|Any CPU.ActiveCfg = Debug|Any CPU
		{EBC6094E-1275-4B7F-B6AC-A19F4B724D2D}.Debug|Any CPU.Build.0 = Debug|Any CPU
		{EBC6094E-1275-4B7F-B6AC-A19F4B724D2D}.Release|Any CPU.ActiveCfg = Release|Any CPU
		{EBC6094E-1275-4B7F-B6AC-A19F4B724D2D}.Release|Any CPU.Build.0 = Release|Any CPU
	EndGlobalSection
	GlobalSection(SolutionProperties) = preSolution
		HideSolutionNode = FALSE
	EndGlobalSection
	GlobalSection(ExtensibilityGlobals) = postSolution
		SolutionGuid = {15A97CBA-6906-470E-A0BC-696CBBB7B0BB}
	EndGlobalSection
EndGlobal
